// !$*UTF8*$!
{
	archiveVersion = 1;
	classes = {
	};
	objectVersion = 46;
	objects = {

/* Begin PBXBuildFile section */
		CBBC58F71F7820DC00EE0AE8 /* AppDelegate.swift in Sources */ = {isa = PBXBuildFile; fileRef = CBBC58F61F7820DC00EE0AE8 /* AppDelegate.swift */; };
		CBBC58F91F7820DC00EE0AE8 /* ViewController.swift in Sources */ = {isa = PBXBuildFile; fileRef = CBBC58F81F7820DC00EE0AE8 /* ViewController.swift */; };
		CBBC58FC1F7820DC00EE0AE8 /* Main.storyboard in Resources */ = {isa = PBXBuildFile; fileRef = CBBC58FA1F7820DC00EE0AE8 /* Main.storyboard */; };
		CBBC58FE1F7820DC00EE0AE8 /* Assets.xcassets in Resources */ = {isa = PBXBuildFile; fileRef = CBBC58FD1F7820DC00EE0AE8 /* Assets.xcassets */; };
		CBBC59011F7820DC00EE0AE8 /* LaunchScreen.storyboard in Resources */ = {isa = PBXBuildFile; fileRef = CBBC58FF1F7820DC00EE0AE8 /* LaunchScreen.storyboard */; };
		CBBC590B1F78252300EE0AE8 /* SpotifyAudioPlayback.framework in Frameworks */ = {isa = PBXBuildFile; fileRef = CBBC59081F78252300EE0AE8 /* SpotifyAudioPlayback.framework */; };
		CBBC590C1F78252300EE0AE8 /* SpotifyAuthentication.framework in Frameworks */ = {isa = PBXBuildFile; fileRef = CBBC59091F78252300EE0AE8 /* SpotifyAuthentication.framework */; };
		CBBC590D1F78252300EE0AE8 /* SpotifyMetadata.framework in Frameworks */ = {isa = PBXBuildFile; fileRef = CBBC590A1F78252300EE0AE8 /* SpotifyMetadata.framework */; };
		CBBC59101F78255100EE0AE8 /* AVFoundation.framework in Frameworks */ = {isa = PBXBuildFile; fileRef = CBBC590F1F78255100EE0AE8 /* AVFoundation.framework */; };
		CBBC59121F78256500EE0AE8 /* SystemConfiguration.framework in Frameworks */ = {isa = PBXBuildFile; fileRef = CBBC59111F78256500EE0AE8 /* SystemConfiguration.framework */; };
		CBBC59161F78273600EE0AE8 /* BridgeViewController.m in Sources */ = {isa = PBXBuildFile; fileRef = CBBC59151F78273600EE0AE8 /* BridgeViewController.m */; };
		CBBC59181F7828C500EE0AE8 /* Song.swift in Sources */ = {isa = PBXBuildFile; fileRef = CBBC59171F7828C500EE0AE8 /* Song.swift */; };
/* End PBXBuildFile section */

/* Begin PBXFileReference section */
		CBBC58F31F7820DC00EE0AE8 /* waveRider.app */ = {isa = PBXFileReference; explicitFileType = wrapper.application; includeInIndex = 0; path = waveRider.app; sourceTree = BUILT_PRODUCTS_DIR; };
		CBBC58F61F7820DC00EE0AE8 /* AppDelegate.swift */ = {isa = PBXFileReference; lastKnownFileType = sourcecode.swift; path = AppDelegate.swift; sourceTree = "<group>"; };
		CBBC58F81F7820DC00EE0AE8 /* ViewController.swift */ = {isa = PBXFileReference; lastKnownFileType = sourcecode.swift; path = ViewController.swift; sourceTree = "<group>"; };
		CBBC58FB1F7820DC00EE0AE8 /* Base */ = {isa = PBXFileReference; lastKnownFileType = file.storyboard; name = Base; path = Base.lproj/Main.storyboard; sourceTree = "<group>"; };
		CBBC58FD1F7820DC00EE0AE8 /* Assets.xcassets */ = {isa = PBXFileReference; lastKnownFileType = folder.assetcatalog; path = Assets.xcassets; sourceTree = "<group>"; };
		CBBC59001F7820DC00EE0AE8 /* Base */ = {isa = PBXFileReference; lastKnownFileType = file.storyboard; name = Base; path = Base.lproj/LaunchScreen.storyboard; sourceTree = "<group>"; };
		CBBC59021F7820DC00EE0AE8 /* Info.plist */ = {isa = PBXFileReference; lastKnownFileType = text.plist.xml; path = Info.plist; sourceTree = "<group>"; };
		CBBC59081F78252300EE0AE8 /* SpotifyAudioPlayback.framework */ = {isa = PBXFileReference; lastKnownFileType = wrapper.framework; path = SpotifyAudioPlayback.framework; sourceTree = "<group>"; };
		CBBC59091F78252300EE0AE8 /* SpotifyAuthentication.framework */ = {isa = PBXFileReference; lastKnownFileType = wrapper.framework; path = SpotifyAuthentication.framework; sourceTree = "<group>"; };
		CBBC590A1F78252300EE0AE8 /* SpotifyMetadata.framework */ = {isa = PBXFileReference; lastKnownFileType = wrapper.framework; path = SpotifyMetadata.framework; sourceTree = "<group>"; };
		CBBC590F1F78255100EE0AE8 /* AVFoundation.framework */ = {isa = PBXFileReference; lastKnownFileType = wrapper.framework; name = AVFoundation.framework; path = System/Library/Frameworks/AVFoundation.framework; sourceTree = SDKROOT; };
		CBBC59111F78256500EE0AE8 /* SystemConfiguration.framework */ = {isa = PBXFileReference; lastKnownFileType = wrapper.framework; name = SystemConfiguration.framework; path = System/Library/Frameworks/SystemConfiguration.framework; sourceTree = SDKROOT; };
		CBBC59131F78273500EE0AE8 /* waveRider-Bridging-Header.h */ = {isa = PBXFileReference; lastKnownFileType = sourcecode.c.h; path = "waveRider-Bridging-Header.h"; sourceTree = "<group>"; };
		CBBC59141F78273600EE0AE8 /* BridgeViewController.h */ = {isa = PBXFileReference; fileEncoding = 4; lastKnownFileType = sourcecode.c.h; path = BridgeViewController.h; sourceTree = "<group>"; };
		CBBC59151F78273600EE0AE8 /* BridgeViewController.m */ = {isa = PBXFileReference; fileEncoding = 4; lastKnownFileType = sourcecode.c.objc; path = BridgeViewController.m; sourceTree = "<group>"; };
		CBBC59171F7828C500EE0AE8 /* Song.swift */ = {isa = PBXFileReference; fileEncoding = 4; lastKnownFileType = sourcecode.swift; path = Song.swift; sourceTree = "<group>"; };
/* End PBXFileReference section */

/* Begin PBXFrameworksBuildPhase section */
		CBBC58F01F7820DC00EE0AE8 /* Frameworks */ = {
			isa = PBXFrameworksBuildPhase;
			buildActionMask = 2147483647;
			files = (
				CBBC59121F78256500EE0AE8 /* SystemConfiguration.framework in Frameworks */,
				CBBC59101F78255100EE0AE8 /* AVFoundation.framework in Frameworks */,
				CBBC590B1F78252300EE0AE8 /* SpotifyAudioPlayback.framework in Frameworks */,
				CBBC590D1F78252300EE0AE8 /* SpotifyMetadata.framework in Frameworks */,
				CBBC590C1F78252300EE0AE8 /* SpotifyAuthentication.framework in Frameworks */,
			);
			runOnlyForDeploymentPostprocessing = 0;
		};
/* End PBXFrameworksBuildPhase section */

/* Begin PBXGroup section */
		CBBC58EA1F7820DC00EE0AE8 = {
			isa = PBXGroup;
			children = (
				CBBC59081F78252300EE0AE8 /* SpotifyAudioPlayback.framework */,
				CBBC59091F78252300EE0AE8 /* SpotifyAuthentication.framework */,
				CBBC590A1F78252300EE0AE8 /* SpotifyMetadata.framework */,
				CBBC58F51F7820DC00EE0AE8 /* waveRider */,
				CBBC58F41F7820DC00EE0AE8 /* Products */,
				CBBC590E1F78255000EE0AE8 /* Frameworks */,
			);
			sourceTree = "<group>";
		};
		CBBC58F41F7820DC00EE0AE8 /* Products */ = {
			isa = PBXGroup;
			children = (
				CBBC58F31F7820DC00EE0AE8 /* waveRider.app */,
			);
			name = Products;
			sourceTree = "<group>";
		};
		CBBC58F51F7820DC00EE0AE8 /* waveRider */ = {
			isa = PBXGroup;
			children = (
				CBBC58F61F7820DC00EE0AE8 /* AppDelegate.swift */,
				CBBC58F81F7820DC00EE0AE8 /* ViewController.swift */,
				CBBC58FA1F7820DC00EE0AE8 /* Main.storyboard */,
				CBBC58FD1F7820DC00EE0AE8 /* Assets.xcassets */,
				CBBC58FF1F7820DC00EE0AE8 /* LaunchScreen.storyboard */,
				CBBC59021F7820DC00EE0AE8 /* Info.plist */,
				CBBC59141F78273600EE0AE8 /* BridgeViewController.h */,
				CBBC59151F78273600EE0AE8 /* BridgeViewController.m */,
				CBBC59131F78273500EE0AE8 /* waveRider-Bridging-Header.h */,
				CBBC59171F7828C500EE0AE8 /* Song.swift */,
			);
			path = waveRider;
			sourceTree = "<group>";
		};
		CBBC590E1F78255000EE0AE8 /* Frameworks */ = {
			isa = PBXGroup;
			children = (
				CBBC59111F78256500EE0AE8 /* SystemConfiguration.framework */,
				CBBC590F1F78255100EE0AE8 /* AVFoundation.framework */,
			);
			name = Frameworks;
			sourceTree = "<group>";
		};
/* End PBXGroup section */

/* Begin PBXNativeTarget section */
		CBBC58F21F7820DC00EE0AE8 /* waveRider */ = {
			isa = PBXNativeTarget;
			buildConfigurationList = CBBC59051F7820DC00EE0AE8 /* Build configuration list for PBXNativeTarget "waveRider" */;
			buildPhases = (
				CBBC58EF1F7820DC00EE0AE8 /* Sources */,
				CBBC58F01F7820DC00EE0AE8 /* Frameworks */,
				CBBC58F11F7820DC00EE0AE8 /* Resources */,
			);
			buildRules = (
			);
			dependencies = (
			);
			name = waveRider;
			productName = waveRider;
			productReference = CBBC58F31F7820DC00EE0AE8 /* waveRider.app */;
			productType = "com.apple.product-type.application";
		};
/* End PBXNativeTarget section */

/* Begin PBXProject section */
		CBBC58EB1F7820DC00EE0AE8 /* Project object */ = {
			isa = PBXProject;
			attributes = {
				LastSwiftUpdateCheck = 0820;
				LastUpgradeCheck = 0820;
				ORGANIZATIONNAME = "Nick Barton";
				TargetAttributes = {
					CBBC58F21F7820DC00EE0AE8 = {
						CreatedOnToolsVersion = 8.2.1;
						DevelopmentTeam = 9G8Q93AKJL;
						LastSwiftMigration = 0820;
						ProvisioningStyle = Automatic;
					};
				};
			};
			buildConfigurationList = CBBC58EE1F7820DC00EE0AE8 /* Build configuration list for PBXProject "waveRider" */;
			compatibilityVersion = "Xcode 3.2";
			developmentRegion = English;
			hasScannedForEncodings = 0;
			knownRegions = (
				en,
				Base,
			);
			mainGroup = CBBC58EA1F7820DC00EE0AE8;
			productRefGroup = CBBC58F41F7820DC00EE0AE8 /* Products */;
			projectDirPath = "";
			projectRoot = "";
			targets = (
				CBBC58F21F7820DC00EE0AE8 /* waveRider */,
			);
		};
/* End PBXProject section */

/* Begin PBXResourcesBuildPhase section */
		CBBC58F11F7820DC00EE0AE8 /* Resources */ = {
			isa = PBXResourcesBuildPhase;
			buildActionMask = 2147483647;
			files = (
				CBBC59011F7820DC00EE0AE8 /* LaunchScreen.storyboard in Resources */,
				CBBC58FE1F7820DC00EE0AE8 /* Assets.xcassets in Resources */,
				CBBC58FC1F7820DC00EE0AE8 /* Main.storyboard in Resources */,
			);
			runOnlyForDeploymentPostprocessing = 0;
		};
/* End PBXResourcesBuildPhase section */

/* Begin PBXSourcesBuildPhase section */
		CBBC58EF1F7820DC00EE0AE8 /* Sources */ = {
			isa = PBXSourcesBuildPhase;
			buildActionMask = 2147483647;
			files = (
				CBBC59181F7828C500EE0AE8 /* Song.swift in Sources */,
				CBBC59161F78273600EE0AE8 /* BridgeViewController.m in Sources */,
				CBBC58F91F7820DC00EE0AE8 /* ViewController.swift in Sources */,
				CBBC58F71F7820DC00EE0AE8 /* AppDelegate.swift in Sources */,
			);
			runOnlyForDeploymentPostprocessing = 0;
		};
/* End PBXSourcesBuildPhase section */

/* Begin PBXVariantGroup section */
		CBBC58FA1F7820DC00EE0AE8 /* Main.storyboard */ = {
			isa = PBXVariantGroup;
			children = (
				CBBC58FB1F7820DC00EE0AE8 /* Base */,
			);
			name = Main.storyboard;
			sourceTree = "<group>";
		};
		CBBC58FF1F7820DC00EE0AE8 /* LaunchScreen.storyboard */ = {
			isa = PBXVariantGroup;
			children = (
				CBBC59001F7820DC00EE0AE8 /* Base */,
			);
			name = LaunchScreen.storyboard;
			sourceTree = "<group>";
		};
/* End PBXVariantGroup section */

/* Begin XCBuildConfiguration section */
		CBBC59031F7820DC00EE0AE8 /* Debug */ = {
			isa = XCBuildConfiguration;
			buildSettings = {
				ALWAYS_SEARCH_USER_PATHS = NO;
				CLANG_ANALYZER_NONNULL = YES;
				CLANG_CXX_LANGUAGE_STANDARD = "gnu++0x";
				CLANG_CXX_LIBRARY = "libc++";
				CLANG_ENABLE_MODULES = YES;
				CLANG_ENABLE_OBJC_ARC = YES;
				CLANG_WARN_BOOL_CONVERSION = YES;
				CLANG_WARN_CONSTANT_CONVERSION = YES;
				CLANG_WARN_DIRECT_OBJC_ISA_USAGE = YES_ERROR;
				CLANG_WARN_DOCUMENTATION_COMMENTS = YES;
				CLANG_WARN_EMPTY_BODY = YES;
				CLANG_WARN_ENUM_CONVERSION = YES;
				CLANG_WARN_INFINITE_RECURSION = YES;
				CLANG_WARN_INT_CONVERSION = YES;
				CLANG_WARN_OBJC_ROOT_CLASS = YES_ERROR;
				CLANG_WARN_SUSPICIOUS_MOVE = YES;
				CLANG_WARN_UNREACHABLE_CODE = YES;
				CLANG_WARN__DUPLICATE_METHOD_MATCH = YES;
				"CODE_SIGN_IDENTITY[sdk=iphoneos*]" = "iPhone Developer";
				COPY_PHASE_STRIP = NO;
				DEBUG_INFORMATION_FORMAT = dwarf;
				ENABLE_STRICT_OBJC_MSGSEND = YES;
				ENABLE_TESTABILITY = YES;
				GCC_C_LANGUAGE_STANDARD = gnu99;
				GCC_DYNAMIC_NO_PIC = NO;
				GCC_NO_COMMON_BLOCKS = YES;
				GCC_OPTIMIZATION_LEVEL = 0;
				GCC_PREPROCESSOR_DEFINITIONS = (
					"DEBUG=1",
					"$(inherited)",
				);
				GCC_WARN_64_TO_32_BIT_CONVERSION = YES;
				GCC_WARN_ABOUT_RETURN_TYPE = YES_ERROR;
				GCC_WARN_UNDECLARED_SELECTOR = YES;
				GCC_WARN_UNINITIALIZED_AUTOS = YES_AGGRESSIVE;
				GCC_WARN_UNUSED_FUNCTION = YES;
				GCC_WARN_UNUSED_VARIABLE = YES;
				IPHONEOS_DEPLOYMENT_TARGET = 10.2;
				MTL_ENABLE_DEBUG_INFO = YES;
				ONLY_ACTIVE_ARCH = YES;
				SDKROOT = iphoneos;
				SWIFT_ACTIVE_COMPILATION_CONDITIONS = DEBUG;
				SWIFT_OPTIMIZATION_LEVEL = "-Onone";
			};
			name = Debug;
		};
		CBBC59041F7820DC00EE0AE8 /* Release */ = {
			isa = XCBuildConfiguration;
			buildSettings = {
				ALWAYS_SEARCH_USER_PATHS = NO;
				CLANG_ANALYZER_NONNULL = YES;
				CLANG_CXX_LANGUAGE_STANDARD = "gnu++0x";
				CLANG_CXX_LIBRARY = "libc++";
				CLANG_ENABLE_MODULES = YES;
				CLANG_ENABLE_OBJC_ARC = YES;
				CLANG_WARN_BOOL_CONVERSION = YES;
				CLANG_WARN_CONSTANT_CONVERSION = YES;
				CLANG_WARN_DIRECT_OBJC_ISA_USAGE = YES_ERROR;
				CLANG_WARN_DOCUMENTATION_COMMENTS = YES;
				CLANG_WARN_EMPTY_BODY = YES;
				CLANG_WARN_ENUM_CONVERSION = YES;
				CLANG_WARN_INFINITE_RECURSION = YES;
				CLANG_WARN_INT_CONVERSION = YES;
				CLANG_WARN_OBJC_ROOT_CLASS = YES_ERROR;
				CLANG_WARN_SUSPICIOUS_MOVE = YES;
				CLANG_WARN_UNREACHABLE_CODE = YES;
				CLANG_WARN__DUPLICATE_METHOD_MATCH = YES;
				"CODE_SIGN_IDENTITY[sdk=iphoneos*]" = "iPhone Developer";
				COPY_PHASE_STRIP = NO;
				DEBUG_INFORMATION_FORMAT = "dwarf-with-dsym";
				ENABLE_NS_ASSERTIONS = NO;
				ENABLE_STRICT_OBJC_MSGSEND = YES;
				GCC_C_LANGUAGE_STANDARD = gnu99;
				GCC_NO_COMMON_BLOCKS = YES;
				GCC_WARN_64_TO_32_BIT_CONVERSION = YES;
				GCC_WARN_ABOUT_RETURN_TYPE = YES_ERROR;
				GCC_WARN_UNDECLARED_SELECTOR = YES;
				GCC_WARN_UNINITIALIZED_AUTOS = YES_AGGRESSIVE;
				GCC_WARN_UNUSED_FUNCTION = YES;
				GCC_WARN_UNUSED_VARIABLE = YES;
				IPHONEOS_DEPLOYMENT_TARGET = 10.2;
				MTL_ENABLE_DEBUG_INFO = NO;
				SDKROOT = iphoneos;
				SWIFT_OPTIMIZATION_LEVEL = "-Owholemodule";
				VALIDATE_PRODUCT = YES;
			};
			name = Release;
		};
		CBBC59061F7820DC00EE0AE8 /* Debug */ = {
			isa = XCBuildConfiguration;
			buildSettings = {
				ASSETCATALOG_COMPILER_APPICON_NAME = AppIcon;
				CLANG_ENABLE_MODULES = YES;
				DEVELOPMENT_TEAM = 9G8Q93AKJL;
				FRAMEWORK_SEARCH_PATHS = (
					"$(inherited)",
					"$(PROJECT_DIR)",
				);
				INFOPLIST_FILE = waveRider/Info.plist;
				LD_RUNPATH_SEARCH_PATHS = "$(inherited) @executable_path/Frameworks";
				OTHER_LDFLAGS = "-ObjC";
				PRODUCT_BUNDLE_IDENTIFIER = com.npb.waveRider;
				PRODUCT_NAME = "$(TARGET_NAME)";
				SWIFT_OBJC_BRIDGING_HEADER = "waveRider/waveRider-Bridging-Header.h";
				SWIFT_OPTIMIZATION_LEVEL = "-Onone";
				SWIFT_VERSION = 3.0;
			};
			name = Debug;
		};
		CBBC59071F7820DC00EE0AE8 /* Release */ = {
			isa = XCBuildConfiguration;
			buildSettings = {
				ASSETCATALOG_COMPILER_APPICON_NAME = AppIcon;
				CLANG_ENABLE_MODULES = YES;
				DEVELOPMENT_TEAM = 9G8Q93AKJL;
				FRAMEWORK_SEARCH_PATHS = (
					"$(inherited)",
					"$(PROJECT_DIR)",
				);
				INFOPLIST_FILE = waveRider/Info.plist;
				LD_RUNPATH_SEARCH_PATHS = "$(inherited) @executable_path/Frameworks";
				OTHER_LDFLAGS = "-ObjC";
				PRODUCT_BUNDLE_IDENTIFIER = com.npb.waveRider;
				PRODUCT_NAME = "$(TARGET_NAME)";
				SWIFT_OBJC_BRIDGING_HEADER = "waveRider/waveRider-Bridging-Header.h";
				SWIFT_VERSION = 3.0;
			};
			name = Release;
		};
/* End XCBuildConfiguration section */

/* Begin XCConfigurationList section */
		CBBC58EE1F7820DC00EE0AE8 /* Build configuration list for PBXProject "waveRider" */ = {
			isa = XCConfigurationList;
			buildConfigurations = (
				CBBC59031F7820DC00EE0AE8 /* Debug */,
				CBBC59041F7820DC00EE0AE8 /* Release */,
			);
			defaultConfigurationIsVisible = 0;
			defaultConfigurationName = Release;
		};
		CBBC59051F7820DC00EE0AE8 /* Build configuration list for PBXNativeTarget "waveRider" */ = {
			isa = XCConfigurationList;
			buildConfigurations = (
				CBBC59061F7820DC00EE0AE8 /* Debug */,
				CBBC59071F7820DC00EE0AE8 /* Release */,
			);
			defaultConfigurationIsVisible = 0;
		};
/* End XCConfigurationList section */
	};
	rootObject = CBBC58EB1F7820DC00EE0AE8 /* Project object */;
}
